
Microsoft Visual Studio Solution File, Format Version 12.00
# Visual Studio Version 17
VisualStudioVersion = 17.3.32825.248
MinimumVisualStudioVersion = 10.0.40219.1
Project("{FAE04EC0-301F-11D3-BF4B-00C04F79EFBC}") = "WebSocketDemo", "WebSocketDemo\WebSocketDemo.csproj", "{55F2B585-426C-4D8B-B078-9DB82AAD7A49}"
EndProject
Global
	GlobalSection(SolutionConfigurationPlatforms) = preSolution
		Debug|Any CPU = Debug|Any CPU
		Release|Any CPU = Release|Any CPU
	EndGlobalSection
	GlobalSection(ProjectConfigurationPlatforms) = postSolution
		{55F2B585-426C-4D8B-B078-9DB82AAD7A49}.Debug|Any CPU.ActiveCfg = Debug|Any CPU
		{55F2B585-426C-4D8B-B078-9DB82AAD7A49}.Debug|Any CPU.Build.0 = Debug|Any CPU
		{55F2B585-426C-4D8B-B078-9DB82AAD7A49}.Release|Any CPU.ActiveCfg = Release|Any CPU
		{55F2B585-426C-4D8B-B078-9DB82AAD7A49}.Release|Any CPU.Build.0 = Release|Any CPU
	EndGlobalSection
	GlobalSection(SolutionProperties) = preSolution
		HideSolutionNode = FALSE
	EndGlobalSection
	GlobalSection(ExtensibilityGlobals) = postSolution
		SolutionGuid = {B70BBCDF-348F-4361-8AEB-4983C1427D6F}
	EndGlobalSection
EndGlobal
