
Microsoft Visual Studio Solution File, Format Version 12.00
# Visual Studio Version 17
VisualStudioVersion = 17.3.32825.248
MinimumVisualStudioVersion = 10.0.40219.1
Project("{FAE04EC0-301F-11D3-BF4B-00C04F79EFBC}") = "HTTPSDemo", "HTTPSDemo\HTTPSDemo.csproj", "{5798D0E1-5207-422F-8D5B-EB8DD0674216}"
EndProject
Global
	GlobalSection(SolutionConfigurationPlatforms) = preSolution
		Debug|Any CPU = Debug|Any CPU
		Release|Any CPU = Release|Any CPU
	EndGlobalSection
	GlobalSection(ProjectConfigurationPlatforms) = postSolution
		{5798D0E1-5207-422F-8D5B-EB8DD0674216}.Debug|Any CPU.ActiveCfg = Debug|Any CPU
		{5798D0E1-5207-422F-8D5B-EB8DD0674216}.Debug|Any CPU.Build.0 = Debug|Any CPU
		{5798D0E1-5207-422F-8D5B-EB8DD0674216}.Release|Any CPU.ActiveCfg = Release|Any CPU
		{5798D0E1-5207-422F-8D5B-EB8DD0674216}.Release|Any CPU.Build.0 = Release|Any CPU
	EndGlobalSection
	GlobalSection(SolutionProperties) = preSolution
		HideSolutionNode = FALSE
	EndGlobalSection
	GlobalSection(ExtensibilityGlobals) = postSolution
		SolutionGuid = {E492A834-906A-465B-AB09-3A1F2215EDEC}
	EndGlobalSection
EndGlobal
